Microsoft Visual Studio Solution File, Format Version 12.00
# Visual Studio Version 17
VisualStudioVersion = 17.5.2.0
MinimumVisualStudioVersion = 10.0.40219.1
Project("{FAE04EC0-301F-11D3-BF4B-00C04F79EFBC}") = "TinHocTHPT", "TinHocTHPT.csproj", "{4A70071F-7201-694B-C803-AD4FA2DD9C0E}"
EndProject
Project("{2150E333-8FDC-42A3-9474-1A3956D46DE8}") = "Tools", "Tools", "{07C2787E-EAC7-C090-1BA3-A61EC2A24D84}"
EndProject
Project("{FAE04EC0-301F-11D3-BF4B-00C04F79EFBC}") = "UCheck", "Tools\UCheck\UCheck.csproj", "{3BA4C42B-4D79-96F2-52EC-15877F6DDF43}"
EndProject
Global
	GlobalSection(SolutionConfigurationPlatforms) = preSolution
		Debug|Any CPU = Debug|Any CPU
		Release|Any CPU = Release|Any CPU
	EndGlobalSection
	GlobalSection(ProjectConfigurationPlatforms) = postSolution
		{4A70071F-7201-694B-C803-AD4FA2DD9C0E}.Debug|Any CPU.ActiveCfg = Debug|Any CPU
		{4A70071F-7201-694B-C803-AD4FA2DD9C0E}.Debug|Any CPU.Build.0 = Debug|Any CPU
		{4A70071F-7201-694B-C803-AD4FA2DD9C0E}.Release|Any CPU.ActiveCfg = Release|Any CPU
		{4A70071F-7201-694B-C803-AD4FA2DD9C0E}.Release|Any CPU.Build.0 = Release|Any CPU
		{3BA4C42B-4D79-96F2-52EC-15877F6DDF43}.Debug|Any CPU.ActiveCfg = Debug|Any CPU
		{3BA4C42B-4D79-96F2-52EC-15877F6DDF43}.Debug|Any CPU.Build.0 = Debug|Any CPU
		{3BA4C42B-4D79-96F2-52EC-15877F6DDF43}.Release|Any CPU.ActiveCfg = Release|Any CPU
		{3BA4C42B-4D79-96F2-52EC-15877F6DDF43}.Release|Any CPU.Build.0 = Release|Any CPU
	EndGlobalSection
	GlobalSection(SolutionProperties) = preSolution
		HideSolutionNode = FALSE
	EndGlobalSection
	GlobalSection(NestedProjects) = preSolution
		{3BA4C42B-4D79-96F2-52EC-15877F6DDF43} = {07C2787E-EAC7-C090-1BA3-A61EC2A24D84}
	EndGlobalSection
	GlobalSection(ExtensibilityGlobals) = postSolution
		SolutionGuid = {E017E011-C05B-44F3-8AC0-F62416301BCA}
	EndGlobalSection
EndGlobal
